
Microsoft Visual Studio Solution File, Format Version 12.00
# Visual Studio Version 17
VisualStudioVersion = 17.3.32901.215
MinimumVisualStudioVersion = 10.0.40219.1
Project("{9A19103F-16F7-4668-BE54-9A1E7A4F7556}") = "2.2", "Console Application\2.2.csproj", "{9FA3C639-3120-47C1-B2D7-98CDCB2E0CBD}"
EndProject
Global
	GlobalSection(SolutionConfigurationPlatforms) = preSolution
		Debug|Any CPU = Debug|Any CPU
		Release|Any CPU = Release|Any CPU
	EndGlobalSection
	GlobalSection(ProjectConfigurationPlatforms) = postSolution
		{9FA3C639-3120-47C1-B2D7-98CDCB2E0CBD}.Debug|Any CPU.ActiveCfg = Debug|Any CPU
		{9FA3C639-3120-47C1-B2D7-98CDCB2E0CBD}.Debug|Any CPU.Build.0 = Debug|Any CPU
		{9FA3C639-3120-47C1-B2D7-98CDCB2E0CBD}.Release|Any CPU.ActiveCfg = Release|Any CPU
		{9FA3C639-3120-47C1-B2D7-98CDCB2E0CBD}.Release|Any CPU.Build.0 = Release|Any CPU
	EndGlobalSection
	GlobalSection(SolutionProperties) = preSolution
		HideSolutionNode = FALSE
	EndGlobalSection
	GlobalSection(ExtensibilityGlobals) = postSolution
		SolutionGuid = {0A8B0274-6C60-4228-93CD-5B47932F0AAF}
	EndGlobalSection
EndGlobal
